{
    "_readme": [
        "This file locks the dependencies of your project to a known state",
        "Read more about it at https://getcomposer.org/doc/01-basic-usage.md#composer-lock-the-lock-file",
        "This file is @generated automatically"
    ],
    "hash": "e1afc29e9c1381a6ef32c4f241ceeb9e",
    "content-hash": "cef4154fc3cde8ae2e45d614b7b76dbe",
    "packages": [
        {
            "name": "optimus/onion",
            "version": "1.0.0",
            "source": {
                "type": "git",
                "url": "https://github.com/esbenp/onion.git",
                "reference": "b1e869bd58246459fec006559abbafa3d4762bf1"
            },
            "dist": {
                "type": "zip",
                "url": "https://api.github.com/repos/esbenp/onion/zipball/b1e869bd58246459fec006559abbafa3d4762bf1",
                "reference": "b1e869bd58246459fec006559abbafa3d4762bf1",
                "shasum": ""
            },
            "require-dev": {
                "mockery/mockery": "0.9.*",
                "orchestra/testbench": "~3.1",
                "phpunit/phpunit": "~4.7",
                "satooshi/php-coveralls": "dev-master@dev"
            },
            "type": "library",
            "autoload": {
                "psr-4": {
                    "Optimus\\Onion\\": "src/"
                }
            },
            "notification-url": "https://packagist.org/downloads/",
            "license": [
                "MIT"
            ],
            "time": "2017-01-10 03:45:31"
        }
    ],
    "packages-dev": [],
    "aliases": [],
    "minimum-stability": "stable",
    "stability-flags": [],
    "prefer-stable": false,
    "prefer-lowest": false,
    "platform": {
        "php": ">=5.6.4"
    },
    "platform-dev": []
}
